{
  "name": "email_sample",
  "version": "1.0.0",
  "lockfileVersion": 1,
  "requires": true,
  "dependencies": {
    "@types/events": {
      "version": "1.2.0",
      "resolved": "http://registry.npmjs.org/@types/events/-/events-1.2.0.tgz",
      "integrity": "sha512-KEIlhXnIutzKwRbQkGWb/I4HFqBuUykAdHgDED6xqwXJfONCjF5VoE0cXEiurh3XauygxzeDzgtXUqvLkxFzzA=="
    },
    "@types/node": {
      "version": "10.12.18",
      "resolved": "https://registry.npmjs.org/@types/node/-/node-10.12.18.tgz",
      "integrity": "sha512-fh+pAqt4xRzPfqA6eh3Z2y6fyZavRIumvjhaCL753+TVkGKGhpPeyrJG2JftD0T9q4GF00KjefsQ+PQNDdWQaQ=="
    },
    "@types/nodemailer": {
      "version": "4.6.5",
      "resolved": "https://registry.npmjs.org/@types/nodemailer/-/nodemailer-4.6.5.tgz",
      "integrity": "sha512-cbs2HFLj33TBqzcCqTrs+6/mgTX3xl0odbApv3vTdF2+JERLxh5rDZCasXhvy+YqaiUNBr2I1RjNCdbKGs1Bnw==",
      "requires": {
        "@types/events": "*",
        "@types/node": "*"
      }
    },
    "@types/nodemailer-direct-transport": {
      "version": "1.0.31",
      "resolved": "https://registry.npmjs.org/@types/nodemailer-direct-transport/-/nodemailer-direct-transport-1.0.31.tgz",
      "integrity": "sha512-LDFL7X58v4som2QnodajLgltFpCbF4JAqlg/Iy4SNbrnfBraJVU/ySh7gvd22Wc6V6CSpuG3SjZolJfNf7Z3bA==",
      "requires": {
        "@types/nodemailer": "^3"
      },
      "dependencies": {
        "@types/nodemailer": {
          "version": "3.1.5",
          "resolved": "https://registry.npmjs.org/@types/nodemailer/-/nodemailer-3.1.5.tgz",
          "integrity": "sha512-d8GSTD/5kEf7fsghVEyU9vqRVGu+Hpmf/z+x+7+vXGvbK7kQoorulvuOX4ozPmGsJCq7oBIdHw5gFIRDvSvdag==",
          "requires": {
            "@types/node": "*",
            "@types/nodemailer-direct-transport": "*",
            "@types/nodemailer-ses-transport": "*",
            "@types/nodemailer-smtp-transport": "*",
            "aws-sdk": "^2.37.0"
          }
        }
      }
    },
    "@types/nodemailer-ses-transport": {
      "version": "3.1.4",
      "resolved": "https://registry.npmjs.org/@types/nodemailer-ses-transport/-/nodemailer-ses-transport-3.1.4.tgz",
      "integrity": "sha512-gWoykP57qYQ60YDD0vFPGDYN/Waq+aKI4k2UBrf5nc87+wlg71eAbb4HwDdZeANLR/wdWkAWdUjz1XgGcpUZNA==",
      "requires": {
        "@types/nodemailer": "^3",
        "aws-sdk": "^2.37.0"
      },
      "dependencies": {
        "@types/nodemailer": {
          "version": "3.1.5",
          "resolved": "https://registry.npmjs.org/@types/nodemailer/-/nodemailer-3.1.5.tgz",
          "integrity": "sha512-d8GSTD/5kEf7fsghVEyU9vqRVGu+Hpmf/z+x+7+vXGvbK7kQoorulvuOX4ozPmGsJCq7oBIdHw5gFIRDvSvdag==",
          "requires": {
            "@types/node": "*",
            "@types/nodemailer-direct-transport": "*",
            "@types/nodemailer-ses-transport": "*",
            "@types/nodemailer-smtp-transport": "*",
            "aws-sdk": "^2.37.0"
          }
        }
      }
    },
    "@types/nodemailer-smtp-transport": {
      "version": "2.7.4",
      "resolved": "https://registry.npmjs.org/@types/nodemailer-smtp-transport/-/nodemailer-smtp-transport-2.7.4.tgz",
      "integrity": "sha512-AXsNWM1gKm3ieD+Ff7FK4mmpkPnpOGVzLSM67T0l8cQGz0G7mFbcq48FhxfbrOtm92gG00k9Cv81+flXhDBuxg==",
      "requires": {
        "@types/node": "*",
        "@types/nodemailer": "^3"
      },
      "dependencies": {
        "@types/nodemailer": {
          "version": "3.1.5",
          "resolved": "https://registry.npmjs.org/@types/nodemailer/-/nodemailer-3.1.5.tgz",
          "integrity": "sha512-d8GSTD/5kEf7fsghVEyU9vqRVGu+Hpmf/z+x+7+vXGvbK7kQoorulvuOX4ozPmGsJCq7oBIdHw5gFIRDvSvdag==",
          "requires": {
            "@types/node": "*",
            "@types/nodemailer-direct-transport": "*",
            "@types/nodemailer-ses-transport": "*",
            "@types/nodemailer-smtp-transport": "*",
            "aws-sdk": "^2.37.0"
          }
        }
      }
    },
    "aws-sdk": {
      "version": "2.380.0",
      "resolved": "https://registry.npmjs.org/aws-sdk/-/aws-sdk-2.380.0.tgz",
      "integrity": "sha512-V0en7O9cCOY4Vb99SFzT51YQ0gn3MhWK2T7SzRGKMjETQo4/PVlflEaBIkaJJlhDXrVzgZ+Fmft/tHEetTk44w==",
      "requires": {
        "buffer": "4.9.1",
        "events": "1.1.1",
        "ieee754": "1.1.8",
        "jmespath": "0.15.0",
        "querystring": "0.2.0",
        "sax": "1.2.1",
        "url": "0.10.3",
        "uuid": "3.1.0",
        "xml2js": "0.4.19"
      }
    },
    "balanced-match": {
      "version": "1.0.0",
      "resolved": "https://registry.npmjs.org/balanced-match/-/balanced-match-1.0.0.tgz",
      "integrity": "sha1-ibTRmasr7kneFk6gK4nORi1xt2c="
    },
    "base64-js": {
      "version": "1.3.0",
      "resolved": "https://registry.npmjs.org/base64-js/-/base64-js-1.3.0.tgz",
      "integrity": "sha512-ccav/yGvoa80BQDljCxsmmQ3Xvx60/UpBIij5QN21W3wBi/hhIC9OoO+KLpu9IJTS9j4DRVJ3aDDF9cMSoa2lw=="
    },
    "brace-expansion": {
      "version": "1.1.11",
      "resolved": "https://registry.npmjs.org/brace-expansion/-/brace-expansion-1.1.11.tgz",
      "integrity": "sha512-iCuPHDFgrHX7H2vEI/5xpz07zSHB00TpugqhmYtVmMO6518mCuRMoOYFldEBl0g187ufozdaHgWKcYFb61qGiA==",
      "requires": {
        "balanced-match": "^1.0.0",
        "concat-map": "0.0.1"
      }
    },
    "buffer": {
      "version": "4.9.1",
      "resolved": "http://registry.npmjs.org/buffer/-/buffer-4.9.1.tgz",
      "integrity": "sha1-bRu2AbB6TvztlwlBMgkwJ8lbwpg=",
      "requires": {
        "base64-js": "^1.0.2",
        "ieee754": "^1.1.4",
        "isarray": "^1.0.0"
      }
    },
    "cli": {
      "version": "0.4.4-2",
      "resolved": "https://registry.npmjs.org/cli/-/cli-0.4.4-2.tgz",
      "integrity": "sha1-o4yPmR3yLuoBeewW3ZD6PzyF+ko=",
      "requires": {
        "glob": ">= 3.1.4"
      }
    },
    "concat-map": {
      "version": "0.0.1",
      "resolved": "https://registry.npmjs.org/concat-map/-/concat-map-0.0.1.tgz",
      "integrity": "sha1-2Klr13/Wjfd5OnMDajug1UBdR3s="
    },
    "event-stream": {
      "version": "0.6.0",
      "resolved": "http://registry.npmjs.org/event-stream/-/event-stream-0.6.0.tgz",
      "integrity": "sha1-VgHGxh9ZUBDR6r/ckmWxrV6ZArg=",
      "requires": {
        "optimist": "0.2"
      }
    },
    "events": {
      "version": "1.1.1",
      "resolved": "http://registry.npmjs.org/events/-/events-1.1.1.tgz",
      "integrity": "sha1-nr23Y1rQmccNzEwqH1AEKI6L2SQ="
    },
    "fs.realpath": {
      "version": "1.0.0",
      "resolved": "https://registry.npmjs.org/fs.realpath/-/fs.realpath-1.0.0.tgz",
      "integrity": "sha1-FQStJSMVjKpA20onh8sBQRmU6k8="
    },
    "glob": {
      "version": "7.1.3",
      "resolved": "https://registry.npmjs.org/glob/-/glob-7.1.3.tgz",
      "integrity": "sha512-vcfuiIxogLV4DlGBHIUOwI0IbrJ8HWPc4MU7HzviGeNho/UJDfi6B5p3sHeWIQ0KGIU0Jpxi5ZHxemQfLkkAwQ==",
      "requires": {
        "fs.realpath": "^1.0.0",
        "inflight": "^1.0.4",
        "inherits": "2",
        "minimatch": "^3.0.4",
        "once": "^1.3.0",
        "path-is-absolute": "^1.0.0"
      }
    },
    "ieee754": {
      "version": "1.1.8",
      "resolved": "https://registry.npmjs.org/ieee754/-/ieee754-1.1.8.tgz",
      "integrity": "sha1-vjPUCsEO8ZJnAfbwii2G+/0a0+Q="
    },
    "inflight": {
      "version": "1.0.6",
      "resolved": "https://registry.npmjs.org/inflight/-/inflight-1.0.6.tgz",
      "integrity": "sha1-Sb1jMdfQLQwJvJEKEHW6gWW1bfk=",
      "requires": {
        "once": "^1.3.0",
        "wrappy": "1"
      }
    },
    "inherits": {
      "version": "2.0.3",
      "resolved": "https://registry.npmjs.org/inherits/-/inherits-2.0.3.tgz",
      "integrity": "sha1-Yzwsg+PaQqUC9SRmAiSA9CCCYd4="
    },
    "isarray": {
      "version": "1.0.0",
      "resolved": "https://registry.npmjs.org/isarray/-/isarray-1.0.0.tgz",
      "integrity": "sha1-u5NdSFgsuhaMBoNJV6VKPgcSTxE="
    },
    "jmespath": {
      "version": "0.15.0",
      "resolved": "https://registry.npmjs.org/jmespath/-/jmespath-0.15.0.tgz",
      "integrity": "sha1-o/Iiqarp+Wb10nx5ZRDigJF2Qhc="
    },
    "minimatch": {
      "version": "3.0.4",
      "resolved": "https://registry.npmjs.org/minimatch/-/minimatch-3.0.4.tgz",
      "integrity": "sha512-yJHVQEhyqPLUTgt9B83PXu6W3rx4MvvHvSUvToogpwoGDOUQ+yDrR0HRot+yOCdCO7u4hX3pWft6kWBBcqh0UA==",
      "requires": {
        "brace-expansion": "^1.1.7"
      }
    },
    "nodemailer": {
      "version": "4.7.0",
      "resolved": "https://registry.npmjs.org/nodemailer/-/nodemailer-4.7.0.tgz",
      "integrity": "sha512-IludxDypFpYw4xpzKdMAozBSkzKHmNBvGanUREjJItgJ2NYcK/s8+PggVhj7c2yGFQykKsnnmv1+Aqo0ZfjHmw=="
    },
    "once": {
      "version": "1.4.0",
      "resolved": "https://registry.npmjs.org/once/-/once-1.4.0.tgz",
      "integrity": "sha1-WDsap3WWHUsROsF9nFC6753Xa9E=",
      "requires": {
        "wrappy": "1"
      }
    },
    "optimist": {
      "version": "0.2.8",
      "resolved": "https://registry.npmjs.org/optimist/-/optimist-0.2.8.tgz",
      "integrity": "sha1-6YGrfiaLRXlIWTtVZ0wJmoFcrDE=",
      "requires": {
        "wordwrap": ">=0.0.1 <0.1.0"
      }
    },
    "path-is-absolute": {
      "version": "1.0.1",
      "resolved": "http://registry.npmjs.org/path-is-absolute/-/path-is-absolute-1.0.1.tgz",
      "integrity": "sha1-F0uSaHNVNP+8es5r9TpanhtcX18="
    },
    "punycode": {
      "version": "1.3.2",
      "resolved": "https://registry.npmjs.org/punycode/-/punycode-1.3.2.tgz",
      "integrity": "sha1-llOgNvt8HuQjQvIyXM7v6jkmxI0="
    },
    "querystring": {
      "version": "0.2.0",
      "resolved": "https://registry.npmjs.org/querystring/-/querystring-0.2.0.tgz",
      "integrity": "sha1-sgmEkgO7Jd+CDadW50cAWHhSFiA="
    },
    "sax": {
      "version": "1.2.1",
      "resolved": "http://registry.npmjs.org/sax/-/sax-1.2.1.tgz",
      "integrity": "sha1-e45lYZCyKOgaZq6nSEgNgozS03o="
    },
    "smtp-protocol": {
      "version": "0.3.0",
      "resolved": "https://registry.npmjs.org/smtp-protocol/-/smtp-protocol-0.3.0.tgz",
      "integrity": "sha1-wtwI74e0o/su/rRwF7qoRPEZtUA=",
      "requires": {
        "event-stream": "0.6.x"
      }
    },
    "smtp-sink": {
      "version": "0.0.3",
      "resolved": "https://registry.npmjs.org/smtp-sink/-/smtp-sink-0.0.3.tgz",
      "integrity": "sha1-pZyr50qhl3QPdsnZf8ihuGr3/kQ=",
      "requires": {
        "cli": "0.4.4-2",
        "smtp-protocol": "0.3.0"
      }
    },
    "url": {
      "version": "0.10.3",
      "resolved": "https://registry.npmjs.org/url/-/url-0.10.3.tgz",
      "integrity": "sha1-Ah5NnHcF8hu/N9A861h2dAJ3TGQ=",
      "requires": {
        "punycode": "1.3.2",
        "querystring": "0.2.0"
      }
    },
    "uuid": {
      "version": "3.1.0",
      "resolved": "https://registry.npmjs.org/uuid/-/uuid-3.1.0.tgz",
      "integrity": "sha512-DIWtzUkw04M4k3bf1IcpS2tngXEL26YUD2M0tMDUpnUrz2hgzUBlD55a4FjdLGPvfHxS6uluGWvaVEqgBcVa+g=="
    },
    "wordwrap": {
      "version": "0.0.3",
      "resolved": "https://registry.npmjs.org/wordwrap/-/wordwrap-0.0.3.tgz",
      "integrity": "sha1-o9XabNXAvAAI03I0u68b7WMFkQc="
    },
    "wrappy": {
      "version": "1.0.2",
      "resolved": "https://registry.npmjs.org/wrappy/-/wrappy-1.0.2.tgz",
      "integrity": "sha1-tSQ9jz7BqjXxNkYFvA0QNuMKtp8="
    },
    "xml2js": {
      "version": "0.4.19",
      "resolved": "https://registry.npmjs.org/xml2js/-/xml2js-0.4.19.tgz",
      "integrity": "sha512-esZnJZJOiJR9wWKMyuvSE1y6Dq5LCuJanqhxslH2bxM6duahNZ+HMpCLhBQGZkbX6xRf8x1Y2eJlgt2q3qo49Q==",
      "requires": {
        "sax": ">=0.6.0",
        "xmlbuilder": "~9.0.1"
      }
    },
    "xmlbuilder": {
      "version": "9.0.7",
      "resolved": "http://registry.npmjs.org/xmlbuilder/-/xmlbuilder-9.0.7.tgz",
      "integrity": "sha1-Ey7mPS7FVlxVfiD0wi35rKaGsQ0="
    }
  }
}
