{
    "name": "dependency_injector",
    "version": "1.0.0",
    "lockfileVersion": 1,
    "requires": true,
    "dependencies": {
        "@types/events": {
            "version": "1.2.0",
            "resolved": "http://registry.npmjs.org/@types/events/-/events-1.2.0.tgz",
            "integrity": "sha512-KEIlhXnIutzKwRbQkGWb/I4HFqBuUykAdHgDED6xqwXJfONCjF5VoE0cXEiurh3XauygxzeDzgtXUqvLkxFzzA==",
            "dev": true
        },
        "@types/node": {
            "version": "10.12.18",
            "resolved": "https://registry.npmjs.org/@types/node/-/node-10.12.18.tgz",
            "integrity": "sha512-fh+pAqt4xRzPfqA6eh3Z2y6fyZavRIumvjhaCL753+TVkGKGhpPeyrJG2JftD0T9q4GF00KjefsQ+PQNDdWQaQ==",
            "dev": true
        },
        "@types/nodemailer": {
            "version": "4.6.5",
            "resolved": "https://registry.npmjs.org/@types/nodemailer/-/nodemailer-4.6.5.tgz",
            "integrity": "sha512-cbs2HFLj33TBqzcCqTrs+6/mgTX3xl0odbApv3vTdF2+JERLxh5rDZCasXhvy+YqaiUNBr2I1RjNCdbKGs1Bnw==",
            "dev": true,
            "requires": {
                "@types/events": "*",
                "@types/node": "*"
            }
        },
        "@types/nodemailer-direct-transport": {
            "version": "1.0.31",
            "resolved": "https://registry.npmjs.org/@types/nodemailer-direct-transport/-/nodemailer-direct-transport-1.0.31.tgz",
            "integrity": "sha512-LDFL7X58v4som2QnodajLgltFpCbF4JAqlg/Iy4SNbrnfBraJVU/ySh7gvd22Wc6V6CSpuG3SjZolJfNf7Z3bA==",
            "dev": true,
            "requires": {
                "@types/nodemailer": "^3"
            },
            "dependencies": {
                "@types/nodemailer": {
                    "version": "3.1.5",
                    "resolved": "https://registry.npmjs.org/@types/nodemailer/-/nodemailer-3.1.5.tgz",
                    "integrity": "sha512-d8GSTD/5kEf7fsghVEyU9vqRVGu+Hpmf/z+x+7+vXGvbK7kQoorulvuOX4ozPmGsJCq7oBIdHw5gFIRDvSvdag==",
                    "dev": true,
                    "requires": {
                        "@types/node": "*",
                        "@types/nodemailer-direct-transport": "*",
                        "@types/nodemailer-ses-transport": "*",
                        "@types/nodemailer-smtp-transport": "*",
                        "aws-sdk": "^2.37.0"
                    }
                }
            }
        },
        "@types/nodemailer-ses-transport": {
            "version": "3.1.4",
            "resolved": "https://registry.npmjs.org/@types/nodemailer-ses-transport/-/nodemailer-ses-transport-3.1.4.tgz",
            "integrity": "sha512-gWoykP57qYQ60YDD0vFPGDYN/Waq+aKI4k2UBrf5nc87+wlg71eAbb4HwDdZeANLR/wdWkAWdUjz1XgGcpUZNA==",
            "dev": true,
            "requires": {
                "@types/nodemailer": "^3",
                "aws-sdk": "^2.37.0"
            },
            "dependencies": {
                "@types/nodemailer": {
                    "version": "3.1.5",
                    "resolved": "https://registry.npmjs.org/@types/nodemailer/-/nodemailer-3.1.5.tgz",
                    "integrity": "sha512-d8GSTD/5kEf7fsghVEyU9vqRVGu+Hpmf/z+x+7+vXGvbK7kQoorulvuOX4ozPmGsJCq7oBIdHw5gFIRDvSvdag==",
                    "dev": true,
                    "requires": {
                        "@types/node": "*",
                        "@types/nodemailer-direct-transport": "*",
                        "@types/nodemailer-ses-transport": "*",
                        "@types/nodemailer-smtp-transport": "*",
                        "aws-sdk": "^2.37.0"
                    }
                }
            }
        },
        "@types/nodemailer-smtp-transport": {
            "version": "2.7.4",
            "resolved": "https://registry.npmjs.org/@types/nodemailer-smtp-transport/-/nodemailer-smtp-transport-2.7.4.tgz",
            "integrity": "sha512-AXsNWM1gKm3ieD+Ff7FK4mmpkPnpOGVzLSM67T0l8cQGz0G7mFbcq48FhxfbrOtm92gG00k9Cv81+flXhDBuxg==",
            "dev": true,
            "requires": {
                "@types/node": "*",
                "@types/nodemailer": "^3"
            },
            "dependencies": {
                "@types/nodemailer": {
                    "version": "3.1.5",
                    "resolved": "https://registry.npmjs.org/@types/nodemailer/-/nodemailer-3.1.5.tgz",
                    "integrity": "sha512-d8GSTD/5kEf7fsghVEyU9vqRVGu+Hpmf/z+x+7+vXGvbK7kQoorulvuOX4ozPmGsJCq7oBIdHw5gFIRDvSvdag==",
                    "dev": true,
                    "requires": {
                        "@types/node": "*",
                        "@types/nodemailer-direct-transport": "*",
                        "@types/nodemailer-ses-transport": "*",
                        "@types/nodemailer-smtp-transport": "*",
                        "aws-sdk": "^2.37.0"
                    }
                }
            }
        },
        "@types/reflect-metadata": {
            "version": "0.1.0",
            "resolved": "https://registry.npmjs.org/@types/reflect-metadata/-/reflect-metadata-0.1.0.tgz",
            "integrity": "sha512-bXltFLY3qhzCnVYP5iUpeSICagQ8rc9K2liS+8M0lBcz54BHs3O6W5UvqespVSuebo1BXLi+/y9ioELAW9SC2A==",
            "requires": {
                "reflect-metadata": "*"
            }
        },
        "aws-sdk": {
            "version": "2.382.0",
            "resolved": "https://registry.npmjs.org/aws-sdk/-/aws-sdk-2.382.0.tgz",
            "integrity": "sha512-wGjZLYo2ZxGTlj2cHy/0zOfYJKUVBQYG1vpW4Cnbgo3HTtOu906a6tqkiD8QuN0EyEkn7i+wyjSiUFOCh3T/2g==",
            "dev": true,
            "requires": {
                "buffer": "4.9.1",
                "events": "1.1.1",
                "ieee754": "1.1.8",
                "jmespath": "0.15.0",
                "querystring": "0.2.0",
                "sax": "1.2.1",
                "url": "0.10.3",
                "uuid": "3.1.0",
                "xml2js": "0.4.19"
            }
        },
        "base64-js": {
            "version": "1.3.0",
            "resolved": "https://registry.npmjs.org/base64-js/-/base64-js-1.3.0.tgz",
            "integrity": "sha512-ccav/yGvoa80BQDljCxsmmQ3Xvx60/UpBIij5QN21W3wBi/hhIC9OoO+KLpu9IJTS9j4DRVJ3aDDF9cMSoa2lw==",
            "dev": true
        },
        "buffer": {
            "version": "4.9.1",
            "resolved": "http://registry.npmjs.org/buffer/-/buffer-4.9.1.tgz",
            "integrity": "sha1-bRu2AbB6TvztlwlBMgkwJ8lbwpg=",
            "dev": true,
            "requires": {
                "base64-js": "^1.0.2",
                "ieee754": "^1.1.4",
                "isarray": "^1.0.0"
            }
        },
        "events": {
            "version": "1.1.1",
            "resolved": "http://registry.npmjs.org/events/-/events-1.1.1.tgz",
            "integrity": "sha1-nr23Y1rQmccNzEwqH1AEKI6L2SQ=",
            "dev": true
        },
        "ieee754": {
            "version": "1.1.8",
            "resolved": "https://registry.npmjs.org/ieee754/-/ieee754-1.1.8.tgz",
            "integrity": "sha1-vjPUCsEO8ZJnAfbwii2G+/0a0+Q=",
            "dev": true
        },
        "isarray": {
            "version": "1.0.0",
            "resolved": "https://registry.npmjs.org/isarray/-/isarray-1.0.0.tgz",
            "integrity": "sha1-u5NdSFgsuhaMBoNJV6VKPgcSTxE=",
            "dev": true
        },
        "jmespath": {
            "version": "0.15.0",
            "resolved": "https://registry.npmjs.org/jmespath/-/jmespath-0.15.0.tgz",
            "integrity": "sha1-o/Iiqarp+Wb10nx5ZRDigJF2Qhc=",
            "dev": true
        },
        "nodemailer": {
            "version": "4.7.0",
            "resolved": "https://registry.npmjs.org/nodemailer/-/nodemailer-4.7.0.tgz",
            "integrity": "sha512-IludxDypFpYw4xpzKdMAozBSkzKHmNBvGanUREjJItgJ2NYcK/s8+PggVhj7c2yGFQykKsnnmv1+Aqo0ZfjHmw=="
        },
        "punycode": {
            "version": "1.3.2",
            "resolved": "https://registry.npmjs.org/punycode/-/punycode-1.3.2.tgz",
            "integrity": "sha1-llOgNvt8HuQjQvIyXM7v6jkmxI0=",
            "dev": true
        },
        "querystring": {
            "version": "0.2.0",
            "resolved": "https://registry.npmjs.org/querystring/-/querystring-0.2.0.tgz",
            "integrity": "sha1-sgmEkgO7Jd+CDadW50cAWHhSFiA=",
            "dev": true
        },
        "reflect-metadata": {
            "version": "0.1.12",
            "resolved": "https://registry.npmjs.org/reflect-metadata/-/reflect-metadata-0.1.12.tgz",
            "integrity": "sha512-n+IyV+nGz3+0q3/Yf1ra12KpCyi001bi4XFxSjbiWWjfqb52iTTtpGXmCCAOWWIAn9KEuFZKGqBERHmrtScZ3A=="
        },
        "sax": {
            "version": "1.2.1",
            "resolved": "http://registry.npmjs.org/sax/-/sax-1.2.1.tgz",
            "integrity": "sha1-e45lYZCyKOgaZq6nSEgNgozS03o=",
            "dev": true
        },
        "url": {
            "version": "0.10.3",
            "resolved": "https://registry.npmjs.org/url/-/url-0.10.3.tgz",
            "integrity": "sha1-Ah5NnHcF8hu/N9A861h2dAJ3TGQ=",
            "dev": true,
            "requires": {
                "punycode": "1.3.2",
                "querystring": "0.2.0"
            }
        },
        "uuid": {
            "version": "3.1.0",
            "resolved": "https://registry.npmjs.org/uuid/-/uuid-3.1.0.tgz",
            "integrity": "sha512-DIWtzUkw04M4k3bf1IcpS2tngXEL26YUD2M0tMDUpnUrz2hgzUBlD55a4FjdLGPvfHxS6uluGWvaVEqgBcVa+g==",
            "dev": true
        },
        "xml2js": {
            "version": "0.4.19",
            "resolved": "https://registry.npmjs.org/xml2js/-/xml2js-0.4.19.tgz",
            "integrity": "sha512-esZnJZJOiJR9wWKMyuvSE1y6Dq5LCuJanqhxslH2bxM6duahNZ+HMpCLhBQGZkbX6xRf8x1Y2eJlgt2q3qo49Q==",
            "dev": true,
            "requires": {
                "sax": ">=0.6.0",
                "xmlbuilder": "~9.0.1"
            }
        },
        "xmlbuilder": {
            "version": "9.0.7",
            "resolved": "http://registry.npmjs.org/xmlbuilder/-/xmlbuilder-9.0.7.tgz",
            "integrity": "sha1-Ey7mPS7FVlxVfiD0wi35rKaGsQ0=",
            "dev": true
        }
    }
}
